
Microsoft Visual Studio Solution File, Format Version 12.00
# Visual Studio 2013
VisualStudioVersion = 12.0.21005.1
MinimumVisualStudioVersion = 10.0.40219.1
Project("{FAE04EC0-301F-11D3-BF4B-00C04F79EFBC}") = "Sharpe", "Sharpe\Sharpe.csproj", "{D09AD65F-030B-4CA2-8A8E-89EEBFA47EFF}"
EndProject
Project("{FAE04EC0-301F-11D3-BF4B-00C04F79EFBC}") = "MatrixTest", "MatrixTest\MatrixTest.csproj", "{2D067BA0-6F41-40D6-8362-841EAC092E54}"
	ProjectSection(ProjectDependencies) = postProject
		{D09AD65F-030B-4CA2-8A8E-89EEBFA47EFF} = {D09AD65F-030B-4CA2-8A8E-89EEBFA47EFF}
	EndProjectSection
EndProject
Project("{FAE04EC0-301F-11D3-BF4B-00C04F79EFBC}") = "EigenFaces", "EigenFaces\EigenFaces\EigenFaces.csproj", "{81369FE8-AF09-4AC0-ABCE-904F0B7FCFE5}"
	ProjectSection(ProjectDependencies) = postProject
		{D09AD65F-030B-4CA2-8A8E-89EEBFA47EFF} = {D09AD65F-030B-4CA2-8A8E-89EEBFA47EFF}
	EndProjectSection
EndProject
Global
	GlobalSection(SolutionConfigurationPlatforms) = preSolution
		Debug|Any CPU = Debug|Any CPU
		Release|Any CPU = Release|Any CPU
	EndGlobalSection
	GlobalSection(ProjectConfigurationPlatforms) = postSolution
		{D09AD65F-030B-4CA2-8A8E-89EEBFA47EFF}.Debug|Any CPU.ActiveCfg = Debug|Any CPU
		{D09AD65F-030B-4CA2-8A8E-89EEBFA47EFF}.Debug|Any CPU.Build.0 = Debug|Any CPU
		{D09AD65F-030B-4CA2-8A8E-89EEBFA47EFF}.Release|Any CPU.ActiveCfg = Release|Any CPU
		{D09AD65F-030B-4CA2-8A8E-89EEBFA47EFF}.Release|Any CPU.Build.0 = Release|Any CPU
		{2D067BA0-6F41-40D6-8362-841EAC092E54}.Debug|Any CPU.ActiveCfg = Debug|Any CPU
		{2D067BA0-6F41-40D6-8362-841EAC092E54}.Debug|Any CPU.Build.0 = Debug|Any CPU
		{2D067BA0-6F41-40D6-8362-841EAC092E54}.Release|Any CPU.ActiveCfg = Release|Any CPU
		{2D067BA0-6F41-40D6-8362-841EAC092E54}.Release|Any CPU.Build.0 = Release|Any CPU
		{81369FE8-AF09-4AC0-ABCE-904F0B7FCFE5}.Debug|Any CPU.ActiveCfg = Debug|Any CPU
		{81369FE8-AF09-4AC0-ABCE-904F0B7FCFE5}.Debug|Any CPU.Build.0 = Debug|Any CPU
		{81369FE8-AF09-4AC0-ABCE-904F0B7FCFE5}.Release|Any CPU.ActiveCfg = Release|Any CPU
		{81369FE8-AF09-4AC0-ABCE-904F0B7FCFE5}.Release|Any CPU.Build.0 = Release|Any CPU
	EndGlobalSection
	GlobalSection(SolutionProperties) = preSolution
		HideSolutionNode = FALSE
	EndGlobalSection
EndGlobal
